
Microsoft Visual Studio Solution File, Format Version 12.00
# Visual Studio Version 17
VisualStudioVersion = 17.3.32922.545
MinimumVisualStudioVersion = 10.0.40219.1
Project("{9A19103F-16F7-4668-BE54-9A1E7A4F7556}") = "FastConsoleFramework", "FastConsoleFramework\FastConsoleFramework.csproj", "{AF409906-57AC-486D-A9A1-02874AC89194}"
EndProject
Project("{FAE04EC0-301F-11D3-BF4B-00C04F79EFBC}") = "FastConsoleFrameworkUITest", "FastConsoleFrameworkUITest\FastConsoleFrameworkUITest.csproj", "{FA1D181E-0211-4FB3-B2C2-BD78B26F9EC0}"
EndProject
Global
	GlobalSection(SolutionConfigurationPlatforms) = preSolution
		Debug|Any CPU = Debug|Any CPU
		Release|Any CPU = Release|Any CPU
	EndGlobalSection
	GlobalSection(ProjectConfigurationPlatforms) = postSolution
		{AF409906-57AC-486D-A9A1-02874AC89194}.Debug|Any CPU.ActiveCfg = Debug|Any CPU
		{AF409906-57AC-486D-A9A1-02874AC89194}.Debug|Any CPU.Build.0 = Debug|Any CPU
		{AF409906-57AC-486D-A9A1-02874AC89194}.Release|Any CPU.ActiveCfg = Release|Any CPU
		{AF409906-57AC-486D-A9A1-02874AC89194}.Release|Any CPU.Build.0 = Release|Any CPU
		{FA1D181E-0211-4FB3-B2C2-BD78B26F9EC0}.Debug|Any CPU.ActiveCfg = Debug|Any CPU
		{FA1D181E-0211-4FB3-B2C2-BD78B26F9EC0}.Debug|Any CPU.Build.0 = Debug|Any CPU
		{FA1D181E-0211-4FB3-B2C2-BD78B26F9EC0}.Release|Any CPU.ActiveCfg = Release|Any CPU
		{FA1D181E-0211-4FB3-B2C2-BD78B26F9EC0}.Release|Any CPU.Build.0 = Release|Any CPU
	EndGlobalSection
	GlobalSection(SolutionProperties) = preSolution
		HideSolutionNode = FALSE
	EndGlobalSection
	GlobalSection(ExtensibilityGlobals) = postSolution
		SolutionGuid = {00DA043C-DDF5-4A85-999F-80C32ECEC7E4}
	EndGlobalSection
EndGlobal
